
Microsoft Visual Studio Solution File, Format Version 12.00
# Visual Studio Version 16
VisualStudioVersion = 16.0.29102.190
MinimumVisualStudioVersion = 10.0.40219.1
Project("{9A19103F-16F7-4668-BE54-9A1E7A4F7556}") = "OneArmoryApp", "OneArmoryApp.csproj", "{1AB849AE-7C46-48FA-B99D-567C4FA18804}"
EndProject
Project("{00D1A9C2-B5F0-4AF3-8072-F6C62B433612}") = "OneArmoryData", "..\..\OneArmoryData\OneArmoryData.sqlproj", "{88522638-5785-46C9-ABE0-891237C7F835}"
EndProject
Global
	GlobalSection(SolutionConfigurationPlatforms) = preSolution
		Debug|Any CPU = Debug|Any CPU
		Release|Any CPU = Release|Any CPU
	EndGlobalSection
	GlobalSection(ProjectConfigurationPlatforms) = postSolution
		{1AB849AE-7C46-48FA-B99D-567C4FA18804}.Debug|Any CPU.ActiveCfg = Debug|Any CPU
		{1AB849AE-7C46-48FA-B99D-567C4FA18804}.Debug|Any CPU.Build.0 = Debug|Any CPU
		{1AB849AE-7C46-48FA-B99D-567C4FA18804}.Release|Any CPU.ActiveCfg = Release|Any CPU
		{1AB849AE-7C46-48FA-B99D-567C4FA18804}.Release|Any CPU.Build.0 = Release|Any CPU
		{88522638-5785-46C9-ABE0-891237C7F835}.Debug|Any CPU.ActiveCfg = Debug|Any CPU
		{88522638-5785-46C9-ABE0-891237C7F835}.Debug|Any CPU.Build.0 = Debug|Any CPU
		{88522638-5785-46C9-ABE0-891237C7F835}.Debug|Any CPU.Deploy.0 = Debug|Any CPU
		{88522638-5785-46C9-ABE0-891237C7F835}.Release|Any CPU.ActiveCfg = Release|Any CPU
		{88522638-5785-46C9-ABE0-891237C7F835}.Release|Any CPU.Build.0 = Release|Any CPU
		{88522638-5785-46C9-ABE0-891237C7F835}.Release|Any CPU.Deploy.0 = Release|Any CPU
	EndGlobalSection
	GlobalSection(SolutionProperties) = preSolution
		HideSolutionNode = FALSE
	EndGlobalSection
	GlobalSection(ExtensibilityGlobals) = postSolution
		SolutionGuid = {E7E7DBAF-AC55-403E-AEB4-9E6572089DE1}
	EndGlobalSection
EndGlobal
